{
    "_meta": {
        "hash": {
            "sha256": "0ada737c2d31d61ee0f8c3d5f30b8a6f4089520218cbceb01d8e792205ddcc57"
        },
        "pipfile-spec": 6,
        "requires": {
            "python_version": "3.12"
        },
        "sources": [
            {
                "name": "pypi",
                "url": "https://pypi.org/simple",
                "verify_ssl": true
            }
        ]
    },
    "default": {
        "asgiref": {
            "hashes": [
                "sha256:3e1e3ecc849832fe52ccf2cb6686b7a55f82bb1d6aee72a58826471390335e47",
                "sha256:c343bd80a0bec947a9860adb4c432ffa7db769836c64238fc34bdc3fec84d590"
            ],
            "markers": "python_version >= '3.8'",
            "version": "==3.8.1"
        },
        "django": {
            "hashes": [
                "sha256:1323617cb624add820cb9611cdcc788312d250824f92ca6048fda8625514af2b",
                "sha256:30de4ee43a98e5d3da36a9002f287ff400b43ca51791920bfb35f6917bfe041c"
            ],
            "index": "pypi",
            "markers": "python_version >= '3.10'",
            "version": "==5.1.7"
        },
        "django-cors-headers": {
            "hashes": [
                "sha256:6fdf31bf9c6d6448ba09ef57157db2268d515d94fc5c89a0a1028e1fc03ee52b",
                "sha256:f1c125dcd58479fe7a67fe2499c16ee38b81b397463cf025f0e2c42937421070"
            ],
            "index": "pypi",
            "markers": "python_version >= '3.9'",
            "version": "==4.7.0"
        },
        "django-debug-toolbar": {
            "hashes": [
                "sha256:8a3b9da4aeab8d384a366e20304bd939a451f0242523c5b7b402248ad474eed2",
                "sha256:c0591e338ee9603bdfce5aebf8d18ca7341fdbb69595e2b0b34869be5857180e"
            ],
            "index": "pypi",
            "markers": "python_version >= '3.9'",
            "version": "==5.1.0"
        },
        "django-environ": {
            "hashes": [
                "sha256:227dc891453dd5bde769c3449cf4a74b6f2ee8f7ab2361c93a07068f4179041a",
                "sha256:92fb346a158abda07ffe6eb23135ce92843af06ecf8753f43adf9d2366dcc0ca"
            ],
            "index": "pypi",
            "markers": "python_version >= '3.9' and python_version < '4'",
            "version": "==0.12.0"
        },
        "django-rest-knox": {
            "hashes": [
                "sha256:694da5d0ad6eb3edbfd7cdc8d69c089fc074e6b0e548e00ff2750bf2fdfadb6f",
                "sha256:f283622bcf5d28a6a0203845c065d06c7432efa54399ae32070c61ac03af2d6f"
            ],
            "index": "pypi",
            "markers": "python_version >= '3.8'",
            "version": "==5.0.2"
        },
        "djangorestframework": {
            "hashes": [
                "sha256:bea7e9f6b96a8584c5224bfb2e4348dfb3f8b5e34edbecb98da258e892089361",
                "sha256:f022ff46613584de994c0c6a4aebbace5fd700555fbe9d33b865ebf173eba6c9"
            ],
            "index": "pypi",
            "markers": "python_version >= '3.9'",
            "version": "==3.16.0"
        },
        "environ": {
            "hashes": [
                "sha256:052ded34331655b9c7982abd5681a066b9aaf9adf33b3412c7e842ce959e40b0",
                "sha256:4df7f1dfeb7d1c988d2e19a8bd5d547a526e0400aeb35adf732032472f35dcb0",
                "sha256:9266e62dd8004f3bf181b24c97aa129844e7e7ec87bf3ed06ef3888293212011"
            ],
            "index": "pypi",
            "version": "==1.0"
        },
        "gunicorn": {
            "hashes": [
                "sha256:ec400d38950de4dfd418cff8328b2c8faed0edb0d517d3394e457c317908ca4d",
                "sha256:f014447a0101dc57e294f6c18ca6b40227a4c90e9bdb586042628030cba004ec"
            ],
            "index": "pypi",
            "markers": "python_version >= '3.7'",
            "version": "==23.0.0"
        },
        "mysqlclient": {
            "hashes": [
                "sha256:329e4eec086a2336fe3541f1ce095d87a6f169d1cc8ba7b04ac68bcb234c9711",
                "sha256:33bc9fb3464e7d7c10b1eaf7336c5ff8f2a3d3b88bab432116ad2490beb3bf41",
                "sha256:3c318755e06df599338dad7625f884b8a71fcf322a9939ef78c9b3db93e1de7a",
                "sha256:4e80dcad884dd6e14949ac6daf769123223a52a6805345608bf49cdaf7bc8b3a",
                "sha256:9d3310295cb682232cadc28abd172f406c718b9ada41d2371259098ae37779d3",
                "sha256:9d4c015480c4a6b2b1602eccd9846103fc70606244788d04aa14b31c4bd1f0e2",
                "sha256:ac44777eab0a66c14cb0d38965572f762e193ec2e5c0723bcd11319cc5b693c5",
                "sha256:d43987bb9626096a302ca6ddcdd81feaeca65ced1d5fe892a6a66b808326aa54",
                "sha256:e1ebe3f41d152d7cb7c265349fdb7f1eca86ccb0ca24a90036cde48e00ceb2ab"
            ],
            "index": "pypi",
            "markers": "python_version >= '3.8'",
            "version": "==2.2.4"
        },
        "packaging": {
            "hashes": [
                "sha256:09abb1bccd265c01f4a3aa3f7a7db064b36514d2cba19a2f694fe6150451a759",
                "sha256:c228a6dc5e932d346bc5739379109d49e8853dd8223571c7c5b55260edc0b97f"
            ],
            "markers": "python_version >= '3.8'",
            "version": "==24.2"
        },
        "pillow": {
            "hashes": [
                "sha256:00f8830ac57dc38bfacfb8bb1b7987da7ccbf99131dae0e826bfbaa2c8dfc990",
                "sha256:07cd635650ddd10be04148e7f2e895afa240d0ea5e810cd10f650adba13f5f93",
                "sha256:0b46b5ee8443213da50b08caa1b2f7c407233873f6153c6fcf558fab57ac658b",
                "sha256:0d3408815fc6ab70283916e0b058e7a4bbacdd7b5bb71ef81a9a507df4580b9a",
                "sha256:0f19332b8de08305db8e003272ba86f5a65231b848a44ceef2e9593101637208",
                "sha256:10502f9425768a4f9c1c8471a7a3f942da659c727369bab1241b7ae1ff16f93f",
                "sha256:106fce029c62ddfed767e4f8cc3396e90ba45320d87df58bf83a73fdbe73f09b",
                "sha256:20d8f9626c3d48baf14e01aca763e5457508cf4245ef0232ba601a4bfa3d26ce",
                "sha256:23fedf0def4193848ce5be2f685e3606c1ebf42a033cfa092b729e6cf844d337",
                "sha256:25e533264bec3ca5dc6e1587810dce1c2dda0b9d63ed4e27fa72092cb351cd55",
                "sha256:284bcf4d37699a3ca6af2f42ba5e90589802f9c9e0c09e4a1a05732e634e94f1",
                "sha256:290fd44a0b517a48af7660b7586538f9db1fe0656d7d6c97b0aefd2a4ad2b14d",
                "sha256:36de59d15a95584fad3758c4bcb992c3bf279ddd86236d3f096dbf696efc2b48",
                "sha256:38afd040bafe3c2893de4e011557c309a878e8fde07e3303bf3cb0f9832d237c",
                "sha256:3a03f96498762c9a6e80282ce43386847e61540011510bf790c48488d834205d",
                "sha256:40f972b6e2a97c633fa25c3c8405d45942747eaf838805d76f7da0363a7696ec",
                "sha256:4122bb11e4d238ed28ecff24863c620aac22732bc102ab9550e99f6fd6eaf869",
                "sha256:4202372ccb549a3f12de2cebbafa82b0a3d8e2cb5569fa4b698e7da6b6521687",
                "sha256:47dcb3289613e256c2419242f6d92b1c9ce28368bd337f6a0cf50cddfb8cc69a",
                "sha256:4846c8efa94eda17832f09c4e8691c9aaeb7eef758c8b622af44e60887fcaf12",
                "sha256:491e11b37e322fc6e80b485f99203e6c4ed69ea170eb6d25e9cb9eb0b92db7e5",
                "sha256:4d1c229f800addb9158c26661c6ade9cb038ff7bb98e3c0149e8fd3a7b6e6e08",
                "sha256:4d28e47fe5a5e5692ea5d239e8bb6c610cf2dad550fc34c5a32d49b1ffd1c891",
                "sha256:52ecd8f581cd5aa0fcc29291acc99b38dbaf898272e86e3146ec3996ed370a46",
                "sha256:54206449613db62c82585bb26ac70f3a1a97654d70ad796b4e05624ef1b08f4e",
                "sha256:57bc12a7d9175ec13c6e1e2a41532e6ae0f5218988259d1f83dd5f7097369ef8",
                "sha256:582c458d766c479ebf5679d582fef698a42b803fa07190e04267280db4f14725",
                "sha256:597b629e4d135ebb904f58d0b3328c58dba3ac7bd1f9585e0dddcb250d3f955c",
                "sha256:5c3a8f916c494c0a3dc37daf5a0e7d98480a6f839ad0fa472e9858b667b48268",
                "sha256:63e0395313bc32de78309e24a298dc4986f8a93fc917032412f510a272ee9f25",
                "sha256:6581ee02eec144cbcdeb6bef055142129cfda0f52939480d81806ee8d61ab4f3",
                "sha256:65dfab8348a42ba9883141e4fa09a7db6ff2a203d17450717b998fb27f4ba0b4",
                "sha256:676461578f605c8e56ea108c371632e4bf40697996d80b5899c592043432e5f1",
                "sha256:6fa29d8fcaf8a830ced88f390baffe32ae1ba41873a3f6c8946213d067db7ae0",
                "sha256:70daf0b69bc9017796cb74a38a597a34e311e4e3e5254d7e4aa42aab3d1d3eac",
                "sha256:71733ea2d70a5fc498b7675cb37e7dcfb2b1889d8a08128ec2a62b6843f0660a",
                "sha256:728f2381d178722d008772e57b3252b8c6c0c284cee76e798ffb392ca71e3fd9",
                "sha256:77cea582243e7286ac23ef6315eeb1434f5ccfc710afa16a8999194aa9d1e88a",
                "sha256:789c65fa7d2a17dc585bb4cc0f08392de5960f7e1a69c6171a82c9f7c5c98b3c",
                "sha256:7d516f854dadc0f449f0db7b93009d3169ae126511ee754c954b4a43c432bd9d",
                "sha256:87c715dd5dc439bde27cf745d59b66af39b2df4355bc57ddd2e51f87f768fb06",
                "sha256:8b46bd331193a7b223864010e751a30ec48245e5106e00eda94b435e37109de1",
                "sha256:92baf77b80de05ede82b14d92bf89a7f0067501b9476df0a162004f3bb015b50",
                "sha256:9565b70771a38b096b0f78d830be5338ca9a0b810ea6cbfab54c64f0266f9c72",
                "sha256:98cd082d9a523cb0f2f8775ec122e67a5cfd9afc6549d91aafe0c2d75535d008",
                "sha256:9ec3481f45d9616bb18b5f3b145744dfcdfabea6a23efe233b8a9026852369d1",
                "sha256:a32b243b37c060884bd04f6bb709a22d86ec05662374076e6a35c07ac0361477",
                "sha256:a9cd300d223efadd1e540521bae1fcdab406ef6c5f2ca6e46370f5671b607f26",
                "sha256:afa1718a5ca25d52c766dfaae795d0286363b7adb005965aadfd9eea804fd0b3",
                "sha256:b228ae10b25650539d37c056063c8f34c0da4f69419ce03249dfd0adc322d46b",
                "sha256:b4204996f6a813f5ca8e7d6365e104ec7391315d014780a909eadc19e613fcf9",
                "sha256:b653372f6b3a7df74cd52abc8c400670ab08dd4473317508ed45668e87df0284",
                "sha256:b92d9059719ec9a718ac9e04039764b10551f2c929db6cd6015e90f9c62f8b34",
                "sha256:be7a73fb992a9cb8e4362220037ea10d3eb52d0804220ca98de4f7d24c1f36c9",
                "sha256:c026e417ebede0e84d9358cc1d9f702356e61a787be882016fbca4fb1248c0d1",
                "sha256:c25567ad74526f362b55940d786e70568a05759a7d3b7de1f12aeec6920bc1ae",
                "sha256:c2a6700be18335d341ddd12facbc49dcf0febbfeefdda4990e017698a8e66f59",
                "sha256:c8a74615674cca471e825392d833e666a945b2bbedfd93299d800f60ae6c495c",
                "sha256:cade37bde4fbe239b177e809a2599c2772f7e54e3c7a355431de6a25023a50d3",
                "sha256:cb17dc417e951a3af0c5a9ed2641b8b37e7b0e78fe685b91b927de474cddad58",
                "sha256:d31997b8ddae9db2d93d9fe195b3bae67746419b22cb65dddcfd5d649aa7f26d",
                "sha256:d8a9dc58117878e94303dbc32a4c9fe470f6b77f349954d4ae003870c9ac7a83",
                "sha256:ed1f80258bc01a0bc5c5f2eda7e4cbd9bc25060dc69be2f00fe1435ba48f4ff4",
                "sha256:f0125a9e668df3e83ff2cfa5800dfe5646591449abae40abf75a1d8b325ddd33",
                "sha256:f50edae2624495d3b075e40f65d86bcbf374fa822dfc05f1d9dc995507c410ed",
                "sha256:f56cd367fb7b5b2779c2b8e5ab2b228ce526b122c21126f4649f9ecd3796efc4",
                "sha256:f67f2191773d7a54f8bad94ba781cba88aedf52fed0ff6f6050065f824d201a4",
                "sha256:fe61cadf4f0449de64fb6911bca381f1a4c1f04cce3027a0d12ebaba626f97cd",
                "sha256:ff44a55a650c0337d3db764cec4f85d1324369e5cf10f6daa96c9513182730a9",
                "sha256:ffcfac194064f4a5bc389b9ef910a60b9bc8573a7e59f081fbc71a59794140f2"
            ],
            "index": "pypi",
            "markers": "python_version >= '3.9'",
            "version": "==11.2.0"
        },
        "sqlparse": {
            "hashes": [
                "sha256:09f67787f56a0b16ecdbde1bfc7f5d9c3371ca683cfeaa8e6ff60b4807ec9272",
                "sha256:cf2196ed3418f3ba5de6af7e82c694a9fbdbfecccdfc72e281548517081f16ca"
            ],
            "markers": "python_version >= '3.8'",
            "version": "==0.5.3"
        },
        "tzdata": {
            "hashes": [
                "sha256:1a403fada01ff9221ca8044d701868fa132215d84beb92242d9acd2147f667a8",
                "sha256:b60a638fcc0daffadf82fe0f57e53d06bdec2f36c4df66280ae79bce6bd6f2b9"
            ],
            "markers": "sys_platform == 'win32'",
            "version": "==2025.2"
        }
    },
    "develop": {}
}
